<?xml version="1.0" encoding="utf-8"?>
<Project ToolsVersion="4.0" xmlns="http://schemas.microsoft.com/developer/msbuild/2003">
  <ItemGroup>
    <ClCompile Include="main.cpp" />
    <ClCompile Include="stdafx.cpp" />
    <ClCompile Include="Navmesh.cpp" />
    <ClCompile Include="NavmeshTestSuite.cpp" />
    <ClCompile Include="Level\NavmeshData.cpp" />
    <ClCompile Include="Level\LevelData.cpp" />
    <ClCompile Include="Level\Level.cpp" />
  </ItemGroup>
  <ItemGroup>
    <ClInclude Include="stdafx.h" />
    <ClInclude Include="Navmesh.h" />
    <ClInclude Include="NavmeshTestSuite.h" />
    <ClInclude Include="Level\NavmeshData.h" />
    <ClInclude Include="Level\LevelData.h" />
    <ClInclude Include="Level\Level.h" />
  </ItemGroup>
</Project>