
Microsoft Visual Studio Solution File, Format Version 12.00
# Visual Studio 15
VisualStudioVersion = 15.0.28307.852
MinimumVisualStudioVersion = 10.0.40219.1
Project("{8BC9CEB8-8B4A-11D0-8D11-00A0C91BC942}") = "Engine", "Engine\Engine.vcxproj", "{F9D41D5B-DEF3-4C5A-AB23-BCC39E4CEBBC}"
EndProject
Project("{8BC9CEB8-8B4A-11D0-8D11-00A0C91BC942}") = "Framework", "Framework\Framework.vcxproj", "{75346B2E-9A01-46BF-BDB5-62F020920C84}"
EndProject
Project("{8BC9CEB8-8B4A-11D0-8D11-00A0C91BC942}") = "BossMonster", "BossMonster\BossMonster.vcxproj", "{85085608-E3D1-4058-8C78-F5872C1C5183}"
EndProject
Project("{8BC9CEB8-8B4A-11D0-8D11-00A0C91BC942}") = "ActionGame", "ActionGame\ActionGame.vcxproj", "{1E274894-EE2E-4996-9B9F-C9670B0C16BA}"
EndProject
Global
	GlobalSection(SolutionConfigurationPlatforms) = preSolution
		Debug|x64 = Debug|x64
		Debug|x86 = Debug|x86
		Release|x64 = Release|x64
		Release|x86 = Release|x86
	EndGlobalSection
	GlobalSection(ProjectConfigurationPlatforms) = postSolution
		{F9D41D5B-DEF3-4C5A-AB23-BCC39E4CEBBC}.Debug|x64.ActiveCfg = Debug|x64
		{F9D41D5B-DEF3-4C5A-AB23-BCC39E4CEBBC}.Debug|x64.Build.0 = Debug|x64
		{F9D41D5B-DEF3-4C5A-AB23-BCC39E4CEBBC}.Debug|x86.ActiveCfg = Debug|Win32
		{F9D41D5B-DEF3-4C5A-AB23-BCC39E4CEBBC}.Debug|x86.Build.0 = Debug|Win32
		{F9D41D5B-DEF3-4C5A-AB23-BCC39E4CEBBC}.Release|x64.ActiveCfg = Release|x64
		{F9D41D5B-DEF3-4C5A-AB23-BCC39E4CEBBC}.Release|x64.Build.0 = Release|x64
		{F9D41D5B-DEF3-4C5A-AB23-BCC39E4CEBBC}.Release|x86.ActiveCfg = Release|Win32
		{F9D41D5B-DEF3-4C5A-AB23-BCC39E4CEBBC}.Release|x86.Build.0 = Release|Win32
		{75346B2E-9A01-46BF-BDB5-62F020920C84}.Debug|x64.ActiveCfg = Debug|x64
		{75346B2E-9A01-46BF-BDB5-62F020920C84}.Debug|x64.Build.0 = Debug|x64
		{75346B2E-9A01-46BF-BDB5-62F020920C84}.Debug|x86.ActiveCfg = Debug|Win32
		{75346B2E-9A01-46BF-BDB5-62F020920C84}.Debug|x86.Build.0 = Debug|Win32
		{75346B2E-9A01-46BF-BDB5-62F020920C84}.Release|x64.ActiveCfg = Release|x64
		{75346B2E-9A01-46BF-BDB5-62F020920C84}.Release|x64.Build.0 = Release|x64
		{75346B2E-9A01-46BF-BDB5-62F020920C84}.Release|x86.ActiveCfg = Release|Win32
		{75346B2E-9A01-46BF-BDB5-62F020920C84}.Release|x86.Build.0 = Release|Win32
		{85085608-E3D1-4058-8C78-F5872C1C5183}.Debug|x64.ActiveCfg = Debug|x64
		{85085608-E3D1-4058-8C78-F5872C1C5183}.Debug|x64.Build.0 = Debug|x64
		{85085608-E3D1-4058-8C78-F5872C1C5183}.Debug|x86.ActiveCfg = Debug|Win32
		{85085608-E3D1-4058-8C78-F5872C1C5183}.Debug|x86.Build.0 = Debug|Win32
		{85085608-E3D1-4058-8C78-F5872C1C5183}.Release|x64.ActiveCfg = Release|x64
		{85085608-E3D1-4058-8C78-F5872C1C5183}.Release|x64.Build.0 = Release|x64
		{85085608-E3D1-4058-8C78-F5872C1C5183}.Release|x86.ActiveCfg = Release|Win32
		{85085608-E3D1-4058-8C78-F5872C1C5183}.Release|x86.Build.0 = Release|Win32
		{1E274894-EE2E-4996-9B9F-C9670B0C16BA}.Debug|x64.ActiveCfg = Debug|x64
		{1E274894-EE2E-4996-9B9F-C9670B0C16BA}.Debug|x64.Build.0 = Debug|x64
		{1E274894-EE2E-4996-9B9F-C9670B0C16BA}.Debug|x86.ActiveCfg = Debug|Win32
		{1E274894-EE2E-4996-9B9F-C9670B0C16BA}.Debug|x86.Build.0 = Debug|Win32
		{1E274894-EE2E-4996-9B9F-C9670B0C16BA}.Release|x64.ActiveCfg = Release|x64
		{1E274894-EE2E-4996-9B9F-C9670B0C16BA}.Release|x64.Build.0 = Release|x64
		{1E274894-EE2E-4996-9B9F-C9670B0C16BA}.Release|x86.ActiveCfg = Release|Win32
		{1E274894-EE2E-4996-9B9F-C9670B0C16BA}.Release|x86.Build.0 = Release|Win32
	EndGlobalSection
	GlobalSection(SolutionProperties) = preSolution
		HideSolutionNode = FALSE
	EndGlobalSection
	GlobalSection(ExtensibilityGlobals) = postSolution
		SolutionGuid = {2C190387-7B3E-4320-ADE9-185ED240286D}
	EndGlobalSection
EndGlobal
